
Microsoft Visual Studio Solution File, Format Version 12.00
# Visual Studio Version 16
VisualStudioVersion = 16.0.31605.320
MinimumVisualStudioVersion = 10.0.40219.1
Project("{FAE04EC0-301F-11D3-BF4B-00C04F79EFBC}") = "LinenAndBird", "LinenAndBird\LinenAndBird.csproj", "{406150EA-72DC-4DEE-A628-E43F69FFBC02}"
EndProject
Global
	GlobalSection(SolutionConfigurationPlatforms) = preSolution
		Debug|Any CPU = Debug|Any CPU
		Release|Any CPU = Release|Any CPU
	EndGlobalSection
	GlobalSection(ProjectConfigurationPlatforms) = postSolution
		{406150EA-72DC-4DEE-A628-E43F69FFBC02}.Debug|Any CPU.ActiveCfg = Debug|Any CPU
		{406150EA-72DC-4DEE-A628-E43F69FFBC02}.Debug|Any CPU.Build.0 = Debug|Any CPU
		{406150EA-72DC-4DEE-A628-E43F69FFBC02}.Release|Any CPU.ActiveCfg = Release|Any CPU
		{406150EA-72DC-4DEE-A628-E43F69FFBC02}.Release|Any CPU.Build.0 = Release|Any CPU
	EndGlobalSection
	GlobalSection(SolutionProperties) = preSolution
		HideSolutionNode = FALSE
	EndGlobalSection
	GlobalSection(ExtensibilityGlobals) = postSolution
		SolutionGuid = {8BCC1326-E511-4C3F-82A3-2EB9A2052A24}
	EndGlobalSection
EndGlobal
